{
    "_meta": {
        "hash": {
            "sha256": "7d759bfb13ba84bf2fb89d03a0bf46bb16ac8ad4e4824db6d4bc15da9c99b16b"
        },
        "pipfile-spec": 6,
        "requires": {
            "python_version": "3.6"
        },
        "sources": [
            {
                "name": "pypi",
                "url": "https://pypi.org/simple",
                "verify_ssl": true
            }
        ]
    },
    "default": {
        "gunicorn": {
            "hashes": [
                "sha256:eb8d8924b117a609fae9f8cd85df0cad3535dd613fdbcdbba3ee88d5459f1d4f",
                "sha256:f5ca088d029fe3cea166c59bb43b7ccc9c850fe25af3da61350fe712c5cc5aa2"
            ],
            "index": "pypi",
            "version": "==19.8.0"
        }
    },
    "develop": {}
}
